
Microsoft Visual Studio Solution File, Format Version 12.00
# Visual Studio Version 17
VisualStudioVersion = 17.6.33815.320
MinimumVisualStudioVersion = 10.0.40219.1
Project("{FAE04EC0-301F-11D3-BF4B-00C04F79EFBC}") = "AspNetBasicApplication", "AspNetBasicApplication\AspNetBasicApplication.csproj", "{BBEF7111-F5FA-4859-A7DE-EB5258EBDC10}"
EndProject
Project("{FAE04EC0-301F-11D3-BF4B-00C04F79EFBC}") = "UnitTests", "UnitTests\UnitTests.csproj", "{BEE5375A-9F69-46D1-B08C-EB0632BE9575}"
EndProject
Global
	GlobalSection(SolutionConfigurationPlatforms) = preSolution
		Debug|Any CPU = Debug|Any CPU
		Release|Any CPU = Release|Any CPU
	EndGlobalSection
	GlobalSection(ProjectConfigurationPlatforms) = postSolution
		{BBEF7111-F5FA-4859-A7DE-EB5258EBDC10}.Debug|Any CPU.ActiveCfg = Debug|Any CPU
		{BBEF7111-F5FA-4859-A7DE-EB5258EBDC10}.Debug|Any CPU.Build.0 = Debug|Any CPU
		{BBEF7111-F5FA-4859-A7DE-EB5258EBDC10}.Release|Any CPU.ActiveCfg = Release|Any CPU
		{BBEF7111-F5FA-4859-A7DE-EB5258EBDC10}.Release|Any CPU.Build.0 = Release|Any CPU
		{BEE5375A-9F69-46D1-B08C-EB0632BE9575}.Debug|Any CPU.ActiveCfg = Debug|Any CPU
		{BEE5375A-9F69-46D1-B08C-EB0632BE9575}.Debug|Any CPU.Build.0 = Debug|Any CPU
		{BEE5375A-9F69-46D1-B08C-EB0632BE9575}.Release|Any CPU.ActiveCfg = Release|Any CPU
		{BEE5375A-9F69-46D1-B08C-EB0632BE9575}.Release|Any CPU.Build.0 = Release|Any CPU
	EndGlobalSection
	GlobalSection(SolutionProperties) = preSolution
		HideSolutionNode = FALSE
	EndGlobalSection
	GlobalSection(ExtensibilityGlobals) = postSolution
		SolutionGuid = {D02A9C8E-0E3D-4B06-B142-D801DFE09553}
	EndGlobalSection
EndGlobal
